
Microsoft Visual Studio Solution File, Format Version 12.00
# Visual Studio Version 16
VisualStudioVersion = 16.0.31624.102
MinimumVisualStudioVersion = 10.0.40219.1
Project("{9A19103F-16F7-4668-BE54-9A1E7A4F7556}") = "AuthUsingCookies", "AuthUsingCookies.csproj", "{ACD1E258-063B-4DBB-8E88-8A9DEC567B9A}"
EndProject
Global
	GlobalSection(SolutionConfigurationPlatforms) = preSolution
		Debug|Any CPU = Debug|Any CPU
		Release|Any CPU = Release|Any CPU
	EndGlobalSection
	GlobalSection(ProjectConfigurationPlatforms) = postSolution
		{ACD1E258-063B-4DBB-8E88-8A9DEC567B9A}.Debug|Any CPU.ActiveCfg = Debug|Any CPU
		{ACD1E258-063B-4DBB-8E88-8A9DEC567B9A}.Debug|Any CPU.Build.0 = Debug|Any CPU
		{ACD1E258-063B-4DBB-8E88-8A9DEC567B9A}.Release|Any CPU.ActiveCfg = Release|Any CPU
		{ACD1E258-063B-4DBB-8E88-8A9DEC567B9A}.Release|Any CPU.Build.0 = Release|Any CPU
	EndGlobalSection
	GlobalSection(SolutionProperties) = preSolution
		HideSolutionNode = FALSE
	EndGlobalSection
	GlobalSection(ExtensibilityGlobals) = postSolution
		SolutionGuid = {0DBBB3DA-A2D6-431B-907B-8573622E8318}
	EndGlobalSection
EndGlobal
